{
  "version": 4,
  "terraform_version": "1.0.4",
  "serial": 245,
  "lineage": "5b18aed8-5299-e6b9-865b-305a6438f33c",
  "outputs": {},
  "resources": [
    {
      "module": "module.lambda",
      "mode": "managed",
      "type": "aws_iam_role",
      "name": "create_role",
      "provider": "provider[\"registry.terraform.io/hashicorp/aws\"]",
      "instances": [
        {
          "schema_version": 0,
          "attributes": {
            "arn": "arn:aws:iam::489994096722:role/create_role",
            "assume_role_policy": "{\"Version\":\"2012-10-17\",\"Statement\":[{\"Sid\":\"\",\"Effect\":\"Allow\",\"Principal\":{\"Service\":\"lambda.amazonaws.com\"},\"Action\":\"sts:AssumeRole\"}]}",
            "create_date": "2021-08-24T15:21:21Z",
            "description": "",
            "force_detach_policies": false,
            "id": "create_role",
            "inline_policy": [
              {
                "name": "create_policy",
                "policy": "{\n    \"Version\": \"2012-10-17\",\n    \"Statement\": [\n        {\n            \"Sid\": \"VisualEditor0\",\n            \"Effect\": \"Allow\",\n            \"Action\": [\n                \"dynamodb:PutItem\",\n                \"dynamodb:GetItem\"\n            ],\n            \"Resource\": \"arn:aws:dynamodb:us-east-1:489994096722:table/ismaeelDB\"\n        }\n    ]\n}"
              }
            ],
            "managed_policy_arns": [],
            "max_session_duration": 3600,
            "name": "create_role",
            "name_prefix": null,
            "path": "/",
            "permissions_boundary": null,
            "tags": {},
            "tags_all": {},
            "unique_id": "AROAXEFPMSBJHZRWTD2TI"
          },
          "sensitive_attributes": [],
          "private": "bnVsbA==",
          "create_before_destroy": true
        }
      ]
    },
    {
      "module": "module.lambda",
      "mode": "managed",
      "type": "aws_iam_role",
      "name": "delete_role",
      "provider": "provider[\"registry.terraform.io/hashicorp/aws\"]",
      "instances": [
        {
          "schema_version": 0,
          "attributes": {
            "arn": "arn:aws:iam::489994096722:role/delete_role",
            "assume_role_policy": "{\"Version\":\"2012-10-17\",\"Statement\":[{\"Sid\":\"\",\"Effect\":\"Allow\",\"Principal\":{\"Service\":\"lambda.amazonaws.com\"},\"Action\":\"sts:AssumeRole\"}]}",
            "create_date": "2021-08-24T15:21:21Z",
            "description": "",
            "force_detach_policies": false,
            "id": "delete_role",
            "inline_policy": [
              {
                "name": "delete_policy",
                "policy": "{\n    \"Version\": \"2012-10-17\",\n    \"Statement\": [\n        {\n            \"Sid\": \"VisualEditor0\",\n            \"Effect\": \"Allow\",\n            \"Action\": [\n                \"dynamodb:DeleteItem\",\n                \"dynamodb:GetItem\"\n            ],\n            \"Resource\": \"arn:aws:dynamodb:us-east-1:489994096722:table/ismaeelDB\"\n        }\n    ]\n}"
              }
            ],
            "managed_policy_arns": [],
            "max_session_duration": 3600,
            "name": "delete_role",
            "name_prefix": null,
            "path": "/",
            "permissions_boundary": null,
            "tags": {},
            "tags_all": {},
            "unique_id": "AROAXEFPMSBJD23A7DOEO"
          },
          "sensitive_attributes": [],
          "private": "bnVsbA==",
          "create_before_destroy": true
        }
      ]
    },
    {
      "module": "module.lambda",
      "mode": "managed",
      "type": "aws_iam_role",
      "name": "get_role",
      "provider": "provider[\"registry.terraform.io/hashicorp/aws\"]",
      "instances": [
        {
          "schema_version": 0,
          "attributes": {
            "arn": "arn:aws:iam::489994096722:role/get_role",
            "assume_role_policy": "{\"Version\":\"2012-10-17\",\"Statement\":[{\"Sid\":\"\",\"Effect\":\"Allow\",\"Principal\":{\"Service\":\"lambda.amazonaws.com\"},\"Action\":\"sts:AssumeRole\"}]}",
            "create_date": "2021-08-24T15:21:21Z",
            "description": "",
            "force_detach_policies": false,
            "id": "get_role",
            "inline_policy": [
              {
                "name": "get_policy",
                "policy": "{\n    \"Version\": \"2012-10-17\",\n    \"Statement\": [\n        {\n            \"Sid\": \"VisualEditor0\",\n            \"Effect\": \"Allow\",\n            \"Action\": [\n                \"dynamodb:GetItem\"\n            ],\n            \"Resource\": \"arn:aws:dynamodb:us-east-1:489994096722:table/ismaeelDB\"\n        }\n    ]\n}"
              }
            ],
            "managed_policy_arns": [],
            "max_session_duration": 3600,
            "name": "get_role",
            "name_prefix": null,
            "path": "/",
            "permissions_boundary": null,
            "tags": {},
            "tags_all": {},
            "unique_id": "AROAXEFPMSBJF27FSRXQP"
          },
          "sensitive_attributes": [],
          "private": "bnVsbA==",
          "create_before_destroy": true
        }
      ]
    },
    {
      "module": "module.lambda",
      "mode": "managed",
      "type": "aws_iam_role",
      "name": "lambda_role",
      "provider": "provider[\"registry.terraform.io/hashicorp/aws\"]",
      "instances": [
        {
          "schema_version": 0,
          "attributes": {
            "arn": "arn:aws:iam::489994096722:role/lambda_role",
            "assume_role_policy": "{\"Version\":\"2012-10-17\",\"Statement\":[{\"Sid\":\"\",\"Effect\":\"Allow\",\"Principal\":{\"Service\":\"lambda.amazonaws.com\"},\"Action\":\"sts:AssumeRole\"}]}",
            "create_date": "2021-08-24T15:21:21Z",
            "description": "",
            "force_detach_policies": false,
            "id": "lambda_role",
            "inline_policy": [
              {
                "name": "",
                "policy": ""
              }
            ],
            "managed_policy_arns": [],
            "max_session_duration": 3600,
            "name": "lambda_role",
            "name_prefix": null,
            "path": "/",
            "permissions_boundary": null,
            "tags": {},
            "tags_all": {},
            "unique_id": "AROAXEFPMSBJJXWIAAJKY"
          },
          "sensitive_attributes": [],
          "private": "bnVsbA=="
        }
      ]
    },
    {
      "module": "module.lambda",
      "mode": "managed",
      "type": "aws_iam_role",
      "name": "update_role",
      "provider": "provider[\"registry.terraform.io/hashicorp/aws\"]",
      "instances": [
        {
          "schema_version": 0,
          "attributes": {
            "arn": "arn:aws:iam::489994096722:role/update_role",
            "assume_role_policy": "{\"Version\":\"2012-10-17\",\"Statement\":[{\"Sid\":\"\",\"Effect\":\"Allow\",\"Principal\":{\"Service\":\"lambda.amazonaws.com\"},\"Action\":\"sts:AssumeRole\"}]}",
            "create_date": "2021-08-24T15:21:21Z",
            "description": "",
            "force_detach_policies": false,
            "id": "update_role",
            "inline_policy": [
              {
                "name": "update_policy",
                "policy": "{\n    \"Version\": \"2012-10-17\",\n    \"Statement\": [\n        {\n            \"Sid\": \"VisualEditor0\",\n            \"Effect\": \"Allow\",\n            \"Action\": [\n                \"dynamodb:UpdateItem\",\n                \"dynamodb:GetItem\"\n            ],\n            \"Resource\": \"arn:aws:dynamodb:us-east-1:489994096722:table/ismaeelDB\"\n        }\n    ]\n}\n"
              }
            ],
            "managed_policy_arns": [],
            "max_session_duration": 3600,
            "name": "update_role",
            "name_prefix": null,
            "path": "/",
            "permissions_boundary": null,
            "tags": {},
            "tags_all": {},
            "unique_id": "AROAXEFPMSBJI7LCQ3YFG"
          },
          "sensitive_attributes": [],
          "private": "bnVsbA==",
          "create_before_destroy": true
        }
      ]
    },
    {
      "module": "module.lambda",
      "mode": "managed",
      "type": "aws_iam_role_policy",
      "name": "create_policy",
      "provider": "provider[\"registry.terraform.io/hashicorp/aws\"]",
      "instances": [
        {
          "schema_version": 0,
          "attributes": {
            "id": "create_role:create_policy",
            "name": "create_policy",
            "name_prefix": null,
            "policy": "{\n    \"Version\": \"2012-10-17\",\n    \"Statement\": [\n        {\n            \"Sid\": \"VisualEditor0\",\n            \"Effect\": \"Allow\",\n            \"Action\": [\n                \"dynamodb:PutItem\",\n                \"dynamodb:GetItem\"\n            ],\n            \"Resource\": \"arn:aws:dynamodb:us-east-1:489994096722:table/ismaeelDB\"\n        }\n    ]\n}",
            "role": "create_role"
          },
          "sensitive_attributes": [],
          "private": "bnVsbA==",
          "dependencies": [
            "module.lambda.aws_iam_role.create_role"
          ]
        }
      ]
    },
    {
      "module": "module.lambda",
      "mode": "managed",
      "type": "aws_iam_role_policy",
      "name": "delete_policy",
      "provider": "provider[\"registry.terraform.io/hashicorp/aws\"]",
      "instances": [
        {
          "schema_version": 0,
          "attributes": {
            "id": "delete_role:delete_policy",
            "name": "delete_policy",
            "name_prefix": null,
            "policy": "{\n    \"Version\": \"2012-10-17\",\n    \"Statement\": [\n        {\n            \"Sid\": \"VisualEditor0\",\n            \"Effect\": \"Allow\",\n            \"Action\": [\n                \"dynamodb:DeleteItem\",\n                \"dynamodb:GetItem\"\n            ],\n            \"Resource\": \"arn:aws:dynamodb:us-east-1:489994096722:table/ismaeelDB\"\n        }\n    ]\n}",
            "role": "delete_role"
          },
          "sensitive_attributes": [],
          "private": "bnVsbA==",
          "dependencies": [
            "module.lambda.aws_iam_role.delete_role"
          ]
        }
      ]
    },
    {
      "module": "module.lambda",
      "mode": "managed",
      "type": "aws_iam_role_policy",
      "name": "get_policy",
      "provider": "provider[\"registry.terraform.io/hashicorp/aws\"]",
      "instances": [
        {
          "schema_version": 0,
          "attributes": {
            "id": "get_role:get_policy",
            "name": "get_policy",
            "name_prefix": null,
            "policy": "{\n    \"Version\": \"2012-10-17\",\n    \"Statement\": [\n        {\n            \"Sid\": \"VisualEditor0\",\n            \"Effect\": \"Allow\",\n            \"Action\": [\n                \"dynamodb:GetItem\"\n            ],\n            \"Resource\": \"arn:aws:dynamodb:us-east-1:489994096722:table/ismaeelDB\"\n        }\n    ]\n}",
            "role": "get_role"
          },
          "sensitive_attributes": [],
          "private": "bnVsbA==",
          "dependencies": [
            "module.lambda.aws_iam_role.get_role"
          ]
        }
      ]
    },
    {
      "module": "module.lambda",
      "mode": "managed",
      "type": "aws_iam_role_policy",
      "name": "update_policy",
      "provider": "provider[\"registry.terraform.io/hashicorp/aws\"]",
      "instances": [
        {
          "schema_version": 0,
          "attributes": {
            "id": "update_role:update_policy",
            "name": "update_policy",
            "name_prefix": null,
            "policy": "{\n    \"Version\": \"2012-10-17\",\n    \"Statement\": [\n        {\n            \"Sid\": \"VisualEditor0\",\n            \"Effect\": \"Allow\",\n            \"Action\": [\n                \"dynamodb:UpdateItem\",\n                \"dynamodb:GetItem\"\n            ],\n            \"Resource\": \"arn:aws:dynamodb:us-east-1:489994096722:table/ismaeelDB\"\n        }\n    ]\n}\n",
            "role": "update_role"
          },
          "sensitive_attributes": [],
          "private": "bnVsbA==",
          "dependencies": [
            "module.lambda.aws_iam_role.update_role"
          ]
        }
      ]
    },
    {
      "module": "module.lambda",
      "mode": "managed",
      "type": "aws_lambda_function",
      "name": "my_lambda",
      "provider": "provider[\"registry.terraform.io/hashicorp/aws\"]",
      "instances": [
        {
          "index_key": 0,
          "schema_version": 0,
          "attributes": {
            "arn": "arn:aws:lambda:us-east-1:489994096722:function:ismaeel_create_lambda_testing",
            "code_signing_config_arn": "",
            "dead_letter_config": [],
            "description": "",
            "environment": [],
            "file_system_config": [],
            "filename": "../modules/lambdas/lambda_functions/ismaeelCreatedFunctionp.zip",
            "function_name": "ismaeel_create_lambda_testing",
            "handler": "ismaeelCreatedFunctionp.lambda_handler",
            "id": "ismaeel_create_lambda_testing",
            "image_config": [],
            "image_uri": "",
            "invoke_arn": "arn:aws:apigateway:us-east-1:lambda:path/2015-03-31/functions/arn:aws:lambda:us-east-1:489994096722:function:ismaeel_create_lambda_testing/invocations",
            "kms_key_arn": "",
            "last_modified": "2021-08-25T09:26:52.741+0000",
            "layers": [],
            "memory_size": 128,
            "package_type": "Zip",
            "publish": false,
            "qualified_arn": "arn:aws:lambda:us-east-1:489994096722:function:ismaeel_create_lambda_testing:$LATEST",
            "reserved_concurrent_executions": -1,
            "role": "arn:aws:iam::489994096722:role/create_role",
            "runtime": "python3.7",
            "s3_bucket": null,
            "s3_key": null,
            "s3_object_version": null,
            "signing_job_arn": "",
            "signing_profile_version_arn": "",
            "source_code_hash": "f+dtRLd2H6evf6cDtsGYhlX8dAiHFiAy0vAzUyWKJe0=",
            "source_code_size": 1199,
            "tags": {},
            "tags_all": {},
            "timeout": 3,
            "timeouts": null,
            "tracing_config": [
              {
                "mode": "PassThrough"
              }
            ],
            "version": "$LATEST",
            "vpc_config": []
          },
          "sensitive_attributes": [],
          "private": "eyJlMmJmYjczMC1lY2FhLTExZTYtOGY4OC0zNDM2M2JjN2M0YzAiOnsiY3JlYXRlIjo2MDAwMDAwMDAwMDB9fQ==",
          "dependencies": [
            "module.lambda.aws_iam_role.get_role",
            "module.lambda.aws_iam_role.update_role",
            "module.lambda.aws_iam_role.create_role",
            "module.lambda.aws_iam_role.delete_role"
          ],
          "create_before_destroy": true
        },
        {
          "index_key": 1,
          "schema_version": 0,
          "attributes": {
            "arn": "arn:aws:lambda:us-east-1:489994096722:function:ismaeel_update_lambda_testing",
            "code_signing_config_arn": "",
            "dead_letter_config": [],
            "description": "",
            "environment": [],
            "file_system_config": [],
            "filename": "../modules/lambdas/lambda_functions/ismaeelUpdateFunctionp.zip",
            "function_name": "ismaeel_update_lambda_testing",
            "handler": "ismaeelUpdateFunctionp.lambda_handler",
            "id": "ismaeel_update_lambda_testing",
            "image_config": [],
            "image_uri": "",
            "invoke_arn": "arn:aws:apigateway:us-east-1:lambda:path/2015-03-31/functions/arn:aws:lambda:us-east-1:489994096722:function:ismaeel_update_lambda_testing/invocations",
            "kms_key_arn": "",
            "last_modified": "2021-08-25T09:26:52.699+0000",
            "layers": [],
            "memory_size": 128,
            "package_type": "Zip",
            "publish": false,
            "qualified_arn": "arn:aws:lambda:us-east-1:489994096722:function:ismaeel_update_lambda_testing:$LATEST",
            "reserved_concurrent_executions": -1,
            "role": "arn:aws:iam::489994096722:role/update_role",
            "runtime": "python3.7",
            "s3_bucket": null,
            "s3_key": null,
            "s3_object_version": null,
            "signing_job_arn": "",
            "signing_profile_version_arn": "",
            "source_code_hash": "XnBIpP30hCtAMlj8Pe3EAnWS9CSxqm9/hADOBm9DS6s=",
            "source_code_size": 1723,
            "tags": {},
            "tags_all": {},
            "timeout": 3,
            "timeouts": null,
            "tracing_config": [
              {
                "mode": "PassThrough"
              }
            ],
            "version": "$LATEST",
            "vpc_config": []
          },
          "sensitive_attributes": [],
          "private": "eyJlMmJmYjczMC1lY2FhLTExZTYtOGY4OC0zNDM2M2JjN2M0YzAiOnsiY3JlYXRlIjo2MDAwMDAwMDAwMDB9fQ==",
          "dependencies": [
            "module.lambda.aws_iam_role.create_role",
            "module.lambda.aws_iam_role.delete_role",
            "module.lambda.aws_iam_role.get_role",
            "module.lambda.aws_iam_role.update_role"
          ],
          "create_before_destroy": true
        },
        {
          "index_key": 2,
          "schema_version": 0,
          "attributes": {
            "arn": "arn:aws:lambda:us-east-1:489994096722:function:ismaeel_delete_lambda_testing",
            "code_signing_config_arn": "",
            "dead_letter_config": [],
            "description": "",
            "environment": [],
            "file_system_config": [],
            "filename": "../modules/lambdas/lambda_functions/ismaeeldeleteFunctionp.zip",
            "function_name": "ismaeel_delete_lambda_testing",
            "handler": "ismaeeldeleteFunctionp.lambda_handler",
            "id": "ismaeel_delete_lambda_testing",
            "image_config": [],
            "image_uri": "",
            "invoke_arn": "arn:aws:apigateway:us-east-1:lambda:path/2015-03-31/functions/arn:aws:lambda:us-east-1:489994096722:function:ismaeel_delete_lambda_testing/invocations",
            "kms_key_arn": "",
            "last_modified": "2021-08-25T09:26:54.598+0000",
            "layers": [],
            "memory_size": 128,
            "package_type": "Zip",
            "publish": false,
            "qualified_arn": "arn:aws:lambda:us-east-1:489994096722:function:ismaeel_delete_lambda_testing:$LATEST",
            "reserved_concurrent_executions": -1,
            "role": "arn:aws:iam::489994096722:role/delete_role",
            "runtime": "python3.7",
            "s3_bucket": null,
            "s3_key": null,
            "s3_object_version": null,
            "signing_job_arn": "",
            "signing_profile_version_arn": "",
            "source_code_hash": "9ONMpW/fvzqZlHk5oqeQq2Oy6hvO6PigeUTCpp3dpes=",
            "source_code_size": 864,
            "tags": {},
            "tags_all": {},
            "timeout": 3,
            "timeouts": null,
            "tracing_config": [
              {
                "mode": "PassThrough"
              }
            ],
            "version": "$LATEST",
            "vpc_config": []
          },
          "sensitive_attributes": [],
          "private": "eyJlMmJmYjczMC1lY2FhLTExZTYtOGY4OC0zNDM2M2JjN2M0YzAiOnsiY3JlYXRlIjo2MDAwMDAwMDAwMDB9fQ==",
          "dependencies": [
            "module.lambda.aws_iam_role.create_role",
            "module.lambda.aws_iam_role.delete_role",
            "module.lambda.aws_iam_role.get_role",
            "module.lambda.aws_iam_role.update_role"
          ],
          "create_before_destroy": true
        },
        {
          "index_key": 3,
          "schema_version": 0,
          "attributes": {
            "arn": "arn:aws:lambda:us-east-1:489994096722:function:ismaeel_get_lambda_testing",
            "code_signing_config_arn": "",
            "dead_letter_config": [],
            "description": "",
            "environment": [],
            "file_system_config": [],
            "filename": "../modules/lambdas/lambda_functions/ismaeelGetITFucntionp.zip",
            "function_name": "ismaeel_get_lambda_testing",
            "handler": "ismaeelGetITFucntionp.lambda_handler",
            "id": "ismaeel_get_lambda_testing",
            "image_config": [],
            "image_uri": "",
            "invoke_arn": "arn:aws:apigateway:us-east-1:lambda:path/2015-03-31/functions/arn:aws:lambda:us-east-1:489994096722:function:ismaeel_get_lambda_testing/invocations",
            "kms_key_arn": "",
            "last_modified": "2021-08-25T09:26:52.712+0000",
            "layers": [],
            "memory_size": 128,
            "package_type": "Zip",
            "publish": false,
            "qualified_arn": "arn:aws:lambda:us-east-1:489994096722:function:ismaeel_get_lambda_testing:$LATEST",
            "reserved_concurrent_executions": -1,
            "role": "arn:aws:iam::489994096722:role/get_role",
            "runtime": "python3.7",
            "s3_bucket": null,
            "s3_key": null,
            "s3_object_version": null,
            "signing_job_arn": "",
            "signing_profile_version_arn": "",
            "source_code_hash": "gYszq40rTxnxaeV4f3+r3dHYhUIhhu6oPgi2LzncvZE=",
            "source_code_size": 915,
            "tags": {},
            "tags_all": {},
            "timeout": 3,
            "timeouts": null,
            "tracing_config": [
              {
                "mode": "PassThrough"
              }
            ],
            "version": "$LATEST",
            "vpc_config": []
          },
          "sensitive_attributes": [],
          "private": "eyJlMmJmYjczMC1lY2FhLTExZTYtOGY4OC0zNDM2M2JjN2M0YzAiOnsiY3JlYXRlIjo2MDAwMDAwMDAwMDB9fQ==",
          "dependencies": [
            "module.lambda.aws_iam_role.create_role",
            "module.lambda.aws_iam_role.delete_role",
            "module.lambda.aws_iam_role.get_role",
            "module.lambda.aws_iam_role.update_role"
          ],
          "create_before_destroy": true
        }
      ]
    },
    {
      "module": "module.my_api_gateway",
      "mode": "managed",
      "type": "aws_api_gateway_deployment",
      "name": "example",
      "provider": "provider[\"registry.terraform.io/hashicorp/aws\"]",
      "instances": [
        {
          "schema_version": 0,
          "attributes": {
            "created_date": "2021-08-25T09:37:08Z",
            "description": "",
            "execution_arn": "arn:aws:execute-api:us-east-1:489994096722:mzvyzc74d5/",
            "id": "p9yn8r",
            "invoke_url": "https://mzvyzc74d5.execute-api.us-east-1.amazonaws.com/",
            "rest_api_id": "mzvyzc74d5",
            "stage_description": null,
            "stage_name": null,
            "triggers": {
              "redeployment": "5055d6352135ac5bab12b2c0fd1ebeadca9dba5d"
            },
            "variables": null
          },
          "sensitive_attributes": [],
          "private": "bnVsbA==",
          "dependencies": [
            "module.my_api_gateway.aws_api_gateway_method.delete_method",
            "module.my_api_gateway.aws_api_gateway_resource.resource",
            "module.my_api_gateway.aws_api_gateway_rest_api.api",
            "module.lambda.aws_iam_role.get_role",
            "module.lambda.aws_lambda_function.my_lambda",
            "module.my_api_gateway.aws_api_gateway_method.get_method",
            "module.my_api_gateway.aws_api_gateway_model.updatemodel1",
            "module.my_api_gateway.aws_api_gateway_model.getmodel1",
            "module.my_api_gateway.aws_api_gateway_model.postmodel1",
            "module.lambda.aws_iam_role.create_role",
            "module.my_api_gateway.aws_api_gateway_integration.delete_integration",
            "module.my_api_gateway.aws_api_gateway_integration.get_integration",
            "module.my_api_gateway.aws_api_gateway_integration.integration",
            "module.my_api_gateway.aws_api_gateway_integration.update_integration",
            "module.my_api_gateway.aws_api_gateway_method.update_method2",
            "module.my_api_gateway.aws_api_gateway_request_validator.validator",
            "module.lambda.aws_iam_role.delete_role",
            "module.lambda.aws_iam_role.update_role",
            "module.my_api_gateway.aws_api_gateway_method.create_method2",
            "module.my_api_gateway.aws_api_gateway_model.deletemodel1"
          ],
          "create_before_destroy": true
        }
      ]
    },
    {
      "module": "module.my_api_gateway",
      "mode": "managed",
      "type": "aws_api_gateway_integration",
      "name": "delete_integration",
      "provider": "provider[\"registry.terraform.io/hashicorp/aws\"]",
      "instances": [
        {
          "schema_version": 0,
          "attributes": {
            "cache_key_parameters": [],
            "cache_namespace": "gy7171",
            "connection_id": "",
            "connection_type": "INTERNET",
            "content_handling": "",
            "credentials": "",
            "http_method": "DELETE",
            "id": "agi-mzvyzc74d5-gy7171-DELETE",
            "integration_http_method": "POST",
            "passthrough_behavior": "WHEN_NO_MATCH",
            "request_parameters": {},
            "request_templates": {},
            "resource_id": "gy7171",
            "rest_api_id": "mzvyzc74d5",
            "timeout_milliseconds": 29000,
            "tls_config": [],
            "type": "AWS",
            "uri": "arn:aws:apigateway:us-east-1:lambda:path/2015-03-31/functions/arn:aws:lambda:us-east-1:489994096722:function:ismaeel_delete_lambda_testing/invocations"
          },
          "sensitive_attributes": [],
          "private": "bnVsbA==",
          "dependencies": [
            "module.lambda.aws_iam_role.get_role",
            "module.lambda.aws_iam_role.update_role",
            "module.my_api_gateway.aws_api_gateway_resource.resource",
            "module.my_api_gateway.aws_api_gateway_rest_api.api",
            "module.lambda.aws_iam_role.delete_role",
            "module.lambda.aws_lambda_function.my_lambda",
            "module.my_api_gateway.aws_api_gateway_method.delete_method",
            "module.my_api_gateway.aws_api_gateway_model.deletemodel1",
            "module.my_api_gateway.aws_api_gateway_request_validator.validator",
            "module.lambda.aws_iam_role.create_role"
          ],
          "create_before_destroy": true
        }
      ]
    },
    {
      "module": "module.my_api_gateway",
      "mode": "managed",
      "type": "aws_api_gateway_integration",
      "name": "get_integration",
      "provider": "provider[\"registry.terraform.io/hashicorp/aws\"]",
      "instances": [
        {
          "schema_version": 0,
          "attributes": {
            "cache_key_parameters": [],
            "cache_namespace": "gy7171",
            "connection_id": "",
            "connection_type": "INTERNET",
            "content_handling": "",
            "credentials": "",
            "http_method": "GET",
            "id": "agi-mzvyzc74d5-gy7171-GET",
            "integration_http_method": "POST",
            "passthrough_behavior": "WHEN_NO_MATCH",
            "request_parameters": {},
            "request_templates": {},
            "resource_id": "gy7171",
            "rest_api_id": "mzvyzc74d5",
            "timeout_milliseconds": 29000,
            "tls_config": [],
            "type": "AWS",
            "uri": "arn:aws:apigateway:us-east-1:lambda:path/2015-03-31/functions/arn:aws:lambda:us-east-1:489994096722:function:ismaeel_get_lambda_testing/invocations"
          },
          "sensitive_attributes": [],
          "private": "bnVsbA==",
          "dependencies": [
            "module.my_api_gateway.aws_api_gateway_resource.resource",
            "module.my_api_gateway.aws_api_gateway_rest_api.api",
            "module.lambda.aws_iam_role.create_role",
            "module.lambda.aws_iam_role.delete_role",
            "module.lambda.aws_iam_role.get_role",
            "module.my_api_gateway.aws_api_gateway_method.get_method",
            "module.lambda.aws_iam_role.update_role",
            "module.lambda.aws_lambda_function.my_lambda",
            "module.my_api_gateway.aws_api_gateway_model.getmodel1",
            "module.my_api_gateway.aws_api_gateway_request_validator.validator"
          ],
          "create_before_destroy": true
        }
      ]
    },
    {
      "module": "module.my_api_gateway",
      "mode": "managed",
      "type": "aws_api_gateway_integration",
      "name": "integration",
      "provider": "provider[\"registry.terraform.io/hashicorp/aws\"]",
      "instances": [
        {
          "schema_version": 0,
          "attributes": {
            "cache_key_parameters": [],
            "cache_namespace": "gy7171",
            "connection_id": "",
            "connection_type": "INTERNET",
            "content_handling": "",
            "credentials": "",
            "http_method": "POST",
            "id": "agi-mzvyzc74d5-gy7171-POST",
            "integration_http_method": "POST",
            "passthrough_behavior": "WHEN_NO_MATCH",
            "request_parameters": {},
            "request_templates": {},
            "resource_id": "gy7171",
            "rest_api_id": "mzvyzc74d5",
            "timeout_milliseconds": 29000,
            "tls_config": [],
            "type": "AWS",
            "uri": "arn:aws:apigateway:us-east-1:lambda:path/2015-03-31/functions/arn:aws:lambda:us-east-1:489994096722:function:ismaeel_create_lambda_testing/invocations"
          },
          "sensitive_attributes": [],
          "private": "bnVsbA==",
          "dependencies": [
            "module.my_api_gateway.aws_api_gateway_rest_api.api",
            "module.my_api_gateway.aws_api_gateway_method.create_method2",
            "module.lambda.aws_iam_role.delete_role",
            "module.lambda.aws_iam_role.get_role",
            "module.lambda.aws_iam_role.update_role",
            "module.lambda.aws_lambda_function.my_lambda",
            "module.my_api_gateway.aws_api_gateway_model.postmodel1",
            "module.my_api_gateway.aws_api_gateway_request_validator.validator",
            "module.my_api_gateway.aws_api_gateway_resource.resource",
            "module.lambda.aws_iam_role.create_role"
          ],
          "create_before_destroy": true
        }
      ]
    },
    {
      "module": "module.my_api_gateway",
      "mode": "managed",
      "type": "aws_api_gateway_integration",
      "name": "update_integration",
      "provider": "provider[\"registry.terraform.io/hashicorp/aws\"]",
      "instances": [
        {
          "schema_version": 0,
          "attributes": {
            "cache_key_parameters": [],
            "cache_namespace": "gy7171",
            "connection_id": "",
            "connection_type": "INTERNET",
            "content_handling": "",
            "credentials": "",
            "http_method": "PUT",
            "id": "agi-mzvyzc74d5-gy7171-PUT",
            "integration_http_method": "POST",
            "passthrough_behavior": "WHEN_NO_MATCH",
            "request_parameters": {},
            "request_templates": {},
            "resource_id": "gy7171",
            "rest_api_id": "mzvyzc74d5",
            "timeout_milliseconds": 29000,
            "tls_config": [],
            "type": "AWS",
            "uri": "arn:aws:apigateway:us-east-1:lambda:path/2015-03-31/functions/arn:aws:lambda:us-east-1:489994096722:function:ismaeel_update_lambda_testing/invocations"
          },
          "sensitive_attributes": [],
          "private": "bnVsbA==",
          "dependencies": [
            "module.lambda.aws_iam_role.get_role",
            "module.lambda.aws_lambda_function.my_lambda",
            "module.my_api_gateway.aws_api_gateway_method.update_method2",
            "module.my_api_gateway.aws_api_gateway_model.updatemodel1",
            "module.my_api_gateway.aws_api_gateway_request_validator.validator",
            "module.my_api_gateway.aws_api_gateway_resource.resource",
            "module.lambda.aws_iam_role.create_role",
            "module.lambda.aws_iam_role.delete_role",
            "module.lambda.aws_iam_role.update_role",
            "module.my_api_gateway.aws_api_gateway_rest_api.api"
          ],
          "create_before_destroy": true
        }
      ]
    },
    {
      "module": "module.my_api_gateway",
      "mode": "managed",
      "type": "aws_api_gateway_integration_response",
      "name": "MyDemoIntegrationResponse",
      "provider": "provider[\"registry.terraform.io/hashicorp/aws\"]",
      "instances": [
        {
          "schema_version": 0,
          "attributes": {
            "content_handling": "",
            "http_method": "POST",
            "id": "agir-mzvyzc74d5-gy7171-POST-200",
            "resource_id": "gy7171",
            "response_parameters": {},
            "response_templates": {},
            "rest_api_id": "mzvyzc74d5",
            "selection_pattern": "",
            "status_code": "200"
          },
          "sensitive_attributes": [],
          "private": "bnVsbA==",
          "dependencies": [
            "module.lambda.aws_iam_role.get_role",
            "module.lambda.aws_iam_role.update_role",
            "module.my_api_gateway.aws_api_gateway_method.create_method2",
            "module.my_api_gateway.aws_api_gateway_method_response.response_200",
            "module.my_api_gateway.aws_api_gateway_model.postmodel1",
            "module.my_api_gateway.aws_api_gateway_request_validator.validator",
            "module.my_api_gateway.aws_api_gateway_resource.resource",
            "module.my_api_gateway.aws_api_gateway_rest_api.api",
            "module.lambda.aws_iam_role.create_role",
            "module.lambda.aws_iam_role.delete_role",
            "module.lambda.aws_lambda_function.my_lambda",
            "module.my_api_gateway.aws_api_gateway_integration.integration"
          ]
        }
      ]
    },
    {
      "module": "module.my_api_gateway",
      "mode": "managed",
      "type": "aws_api_gateway_integration_response",
      "name": "MyDemoIntegrationResponse3",
      "provider": "provider[\"registry.terraform.io/hashicorp/aws\"]",
      "instances": [
        {
          "schema_version": 0,
          "attributes": {
            "content_handling": "",
            "http_method": "PUT",
            "id": "agir-mzvyzc74d5-gy7171-PUT-200",
            "resource_id": "gy7171",
            "response_parameters": {},
            "response_templates": {},
            "rest_api_id": "mzvyzc74d5",
            "selection_pattern": "",
            "status_code": "200"
          },
          "sensitive_attributes": [],
          "private": "bnVsbA==",
          "dependencies": [
            "module.my_api_gateway.aws_api_gateway_model.updatemodel1",
            "module.my_api_gateway.aws_api_gateway_request_validator.validator",
            "module.my_api_gateway.aws_api_gateway_resource.resource",
            "module.my_api_gateway.aws_api_gateway_rest_api.api",
            "module.my_api_gateway.aws_api_gateway_method.update_method2",
            "module.my_api_gateway.aws_api_gateway_method_response.response_2001"
          ]
        }
      ]
    },
    {
      "module": "module.my_api_gateway",
      "mode": "managed",
      "type": "aws_api_gateway_integration_response",
      "name": "MyDemoIntegrationResponse4",
      "provider": "provider[\"registry.terraform.io/hashicorp/aws\"]",
      "instances": [
        {
          "schema_version": 0,
          "attributes": {
            "content_handling": "",
            "http_method": "DELETE",
            "id": "agir-mzvyzc74d5-gy7171-DELETE-200",
            "resource_id": "gy7171",
            "response_parameters": {},
            "response_templates": {},
            "rest_api_id": "mzvyzc74d5",
            "selection_pattern": "",
            "status_code": "200"
          },
          "sensitive_attributes": [],
          "private": "bnVsbA==",
          "dependencies": [
            "module.my_api_gateway.aws_api_gateway_method.delete_method",
            "module.my_api_gateway.aws_api_gateway_method_response.response_2002",
            "module.my_api_gateway.aws_api_gateway_model.deletemodel1",
            "module.my_api_gateway.aws_api_gateway_request_validator.validator",
            "module.my_api_gateway.aws_api_gateway_resource.resource",
            "module.my_api_gateway.aws_api_gateway_rest_api.api"
          ]
        }
      ]
    },
    {
      "module": "module.my_api_gateway",
      "mode": "managed",
      "type": "aws_api_gateway_integration_response",
      "name": "get_Integration_Response",
      "provider": "provider[\"registry.terraform.io/hashicorp/aws\"]",
      "instances": [
        {
          "schema_version": 0,
          "attributes": {
            "content_handling": "",
            "http_method": "GET",
            "id": "agir-mzvyzc74d5-gy7171-GET-200",
            "resource_id": "gy7171",
            "response_parameters": {},
            "response_templates": {},
            "rest_api_id": "mzvyzc74d5",
            "selection_pattern": "",
            "status_code": "200"
          },
          "sensitive_attributes": [],
          "private": "bnVsbA==",
          "dependencies": [
            "module.my_api_gateway.aws_api_gateway_method.get_method",
            "module.my_api_gateway.aws_api_gateway_method_response.get_response_200",
            "module.my_api_gateway.aws_api_gateway_model.getmodel1",
            "module.my_api_gateway.aws_api_gateway_request_validator.validator",
            "module.my_api_gateway.aws_api_gateway_resource.resource",
            "module.my_api_gateway.aws_api_gateway_rest_api.api"
          ]
        }
      ]
    },
    {
      "module": "module.my_api_gateway",
      "mode": "managed",
      "type": "aws_api_gateway_method",
      "name": "create_method2",
      "provider": "provider[\"registry.terraform.io/hashicorp/aws\"]",
      "instances": [
        {
          "schema_version": 0,
          "attributes": {
            "api_key_required": false,
            "authorization": "NONE",
            "authorization_scopes": [],
            "authorizer_id": "",
            "http_method": "POST",
            "id": "agm-mzvyzc74d5-gy7171-POST",
            "operation_name": "",
            "request_models": {
              "application/json": "postmodel1"
            },
            "request_parameters": {},
            "request_validator_id": "gmdh8s",
            "resource_id": "gy7171",
            "rest_api_id": "mzvyzc74d5"
          },
          "sensitive_attributes": [],
          "private": "bnVsbA==",
          "dependencies": [
            "module.my_api_gateway.aws_api_gateway_model.postmodel1",
            "module.my_api_gateway.aws_api_gateway_request_validator.validator",
            "module.my_api_gateway.aws_api_gateway_resource.resource",
            "module.my_api_gateway.aws_api_gateway_rest_api.api"
          ],
          "create_before_destroy": true
        }
      ]
    },
    {
      "module": "module.my_api_gateway",
      "mode": "managed",
      "type": "aws_api_gateway_method",
      "name": "delete_method",
      "provider": "provider[\"registry.terraform.io/hashicorp/aws\"]",
      "instances": [
        {
          "schema_version": 0,
          "attributes": {
            "api_key_required": false,
            "authorization": "NONE",
            "authorization_scopes": [],
            "authorizer_id": "",
            "http_method": "DELETE",
            "id": "agm-mzvyzc74d5-gy7171-DELETE",
            "operation_name": "",
            "request_models": {
              "application/json": "deletemodel1"
            },
            "request_parameters": {},
            "request_validator_id": "gmdh8s",
            "resource_id": "gy7171",
            "rest_api_id": "mzvyzc74d5"
          },
          "sensitive_attributes": [],
          "private": "bnVsbA==",
          "dependencies": [
            "module.my_api_gateway.aws_api_gateway_resource.resource",
            "module.my_api_gateway.aws_api_gateway_rest_api.api",
            "module.my_api_gateway.aws_api_gateway_model.deletemodel1",
            "module.my_api_gateway.aws_api_gateway_request_validator.validator"
          ],
          "create_before_destroy": true
        }
      ]
    },
    {
      "module": "module.my_api_gateway",
      "mode": "managed",
      "type": "aws_api_gateway_method",
      "name": "get_method",
      "provider": "provider[\"registry.terraform.io/hashicorp/aws\"]",
      "instances": [
        {
          "schema_version": 0,
          "attributes": {
            "api_key_required": false,
            "authorization": "NONE",
            "authorization_scopes": [],
            "authorizer_id": "",
            "http_method": "GET",
            "id": "agm-mzvyzc74d5-gy7171-GET",
            "operation_name": "",
            "request_models": {
              "application/json": "getmodel1"
            },
            "request_parameters": {},
            "request_validator_id": "gmdh8s",
            "resource_id": "gy7171",
            "rest_api_id": "mzvyzc74d5"
          },
          "sensitive_attributes": [],
          "private": "bnVsbA==",
          "dependencies": [
            "module.my_api_gateway.aws_api_gateway_rest_api.api",
            "module.my_api_gateway.aws_api_gateway_model.getmodel1",
            "module.my_api_gateway.aws_api_gateway_request_validator.validator",
            "module.my_api_gateway.aws_api_gateway_resource.resource"
          ],
          "create_before_destroy": true
        }
      ]
    },
    {
      "module": "module.my_api_gateway",
      "mode": "managed",
      "type": "aws_api_gateway_method",
      "name": "update_method2",
      "provider": "provider[\"registry.terraform.io/hashicorp/aws\"]",
      "instances": [
        {
          "schema_version": 0,
          "attributes": {
            "api_key_required": false,
            "authorization": "NONE",
            "authorization_scopes": [],
            "authorizer_id": "",
            "http_method": "PUT",
            "id": "agm-mzvyzc74d5-gy7171-PUT",
            "operation_name": "",
            "request_models": {
              "application/json": "updatemodel1"
            },
            "request_parameters": {},
            "request_validator_id": "gmdh8s",
            "resource_id": "gy7171",
            "rest_api_id": "mzvyzc74d5"
          },
          "sensitive_attributes": [],
          "private": "bnVsbA==",
          "dependencies": [
            "module.my_api_gateway.aws_api_gateway_request_validator.validator",
            "module.my_api_gateway.aws_api_gateway_resource.resource",
            "module.my_api_gateway.aws_api_gateway_rest_api.api",
            "module.my_api_gateway.aws_api_gateway_model.updatemodel1"
          ],
          "create_before_destroy": true
        }
      ]
    },
    {
      "module": "module.my_api_gateway",
      "mode": "managed",
      "type": "aws_api_gateway_method_response",
      "name": "get_response_200",
      "provider": "provider[\"registry.terraform.io/hashicorp/aws\"]",
      "instances": [
        {
          "schema_version": 0,
          "attributes": {
            "http_method": "GET",
            "id": "agmr-mzvyzc74d5-gy7171-GET-200",
            "resource_id": "gy7171",
            "response_models": {},
            "response_parameters": {},
            "rest_api_id": "mzvyzc74d5",
            "status_code": "200"
          },
          "sensitive_attributes": [],
          "private": "bnVsbA==",
          "dependencies": [
            "module.my_api_gateway.aws_api_gateway_rest_api.api",
            "module.my_api_gateway.aws_api_gateway_method.get_method",
            "module.my_api_gateway.aws_api_gateway_model.getmodel1",
            "module.my_api_gateway.aws_api_gateway_request_validator.validator",
            "module.my_api_gateway.aws_api_gateway_resource.resource"
          ]
        }
      ]
    },
    {
      "module": "module.my_api_gateway",
      "mode": "managed",
      "type": "aws_api_gateway_method_response",
      "name": "response_200",
      "provider": "provider[\"registry.terraform.io/hashicorp/aws\"]",
      "instances": [
        {
          "schema_version": 0,
          "attributes": {
            "http_method": "POST",
            "id": "agmr-mzvyzc74d5-gy7171-POST-200",
            "resource_id": "gy7171",
            "response_models": {},
            "response_parameters": {},
            "rest_api_id": "mzvyzc74d5",
            "status_code": "200"
          },
          "sensitive_attributes": [],
          "private": "bnVsbA==",
          "dependencies": [
            "module.my_api_gateway.aws_api_gateway_method.create_method2",
            "module.my_api_gateway.aws_api_gateway_model.postmodel1",
            "module.my_api_gateway.aws_api_gateway_request_validator.validator",
            "module.my_api_gateway.aws_api_gateway_resource.resource",
            "module.my_api_gateway.aws_api_gateway_rest_api.api"
          ]
        }
      ]
    },
    {
      "module": "module.my_api_gateway",
      "mode": "managed",
      "type": "aws_api_gateway_method_response",
      "name": "response_2001",
      "provider": "provider[\"registry.terraform.io/hashicorp/aws\"]",
      "instances": [
        {
          "schema_version": 0,
          "attributes": {
            "http_method": "PUT",
            "id": "agmr-mzvyzc74d5-gy7171-PUT-200",
            "resource_id": "gy7171",
            "response_models": {},
            "response_parameters": {},
            "rest_api_id": "mzvyzc74d5",
            "status_code": "200"
          },
          "sensitive_attributes": [],
          "private": "bnVsbA==",
          "dependencies": [
            "module.my_api_gateway.aws_api_gateway_model.updatemodel1",
            "module.my_api_gateway.aws_api_gateway_request_validator.validator",
            "module.my_api_gateway.aws_api_gateway_resource.resource",
            "module.my_api_gateway.aws_api_gateway_rest_api.api",
            "module.my_api_gateway.aws_api_gateway_method.update_method2"
          ]
        }
      ]
    },
    {
      "module": "module.my_api_gateway",
      "mode": "managed",
      "type": "aws_api_gateway_method_response",
      "name": "response_2002",
      "provider": "provider[\"registry.terraform.io/hashicorp/aws\"]",
      "instances": [
        {
          "schema_version": 0,
          "attributes": {
            "http_method": "DELETE",
            "id": "agmr-mzvyzc74d5-gy7171-DELETE-200",
            "resource_id": "gy7171",
            "response_models": {},
            "response_parameters": {},
            "rest_api_id": "mzvyzc74d5",
            "status_code": "200"
          },
          "sensitive_attributes": [],
          "private": "bnVsbA==",
          "dependencies": [
            "module.my_api_gateway.aws_api_gateway_request_validator.validator",
            "module.my_api_gateway.aws_api_gateway_resource.resource",
            "module.my_api_gateway.aws_api_gateway_rest_api.api",
            "module.my_api_gateway.aws_api_gateway_method.delete_method",
            "module.my_api_gateway.aws_api_gateway_model.deletemodel1"
          ]
        }
      ]
    },
    {
      "module": "module.my_api_gateway",
      "mode": "managed",
      "type": "aws_api_gateway_model",
      "name": "deletemodel1",
      "provider": "provider[\"registry.terraform.io/hashicorp/aws\"]",
      "instances": [
        {
          "schema_version": 0,
          "attributes": {
            "content_type": "application/json",
            "description": "a JSON schema",
            "id": "zpjuee",
            "name": "deletemodel1",
            "rest_api_id": "mzvyzc74d5",
            "schema": "{\n    \"$schema\": \"http://json-schema.org/draft-04/schema#\",\n    \"title\":\"User\",\n    \"type\":\"object\",\n    \"properties\":{\n        \"regno\":{\n            \"type\":\"string\"\n        }\n        \n     },\n     \"required\":[\"regno\"]\n  }"
          },
          "sensitive_attributes": [],
          "private": "bnVsbA==",
          "dependencies": [
            "module.my_api_gateway.aws_api_gateway_rest_api.api"
          ],
          "create_before_destroy": true
        }
      ]
    },
    {
      "module": "module.my_api_gateway",
      "mode": "managed",
      "type": "aws_api_gateway_model",
      "name": "getmodel1",
      "provider": "provider[\"registry.terraform.io/hashicorp/aws\"]",
      "instances": [
        {
          "schema_version": 0,
          "attributes": {
            "content_type": "application/json",
            "description": "a JSON schema",
            "id": "zj7azn",
            "name": "getmodel1",
            "rest_api_id": "mzvyzc74d5",
            "schema": "{\n    \"$schema\": \"http://json-schema.org/draft-04/schema#\",\n    \"title\":\"User\",\n    \"type\":\"object\",\n    \"properties\":{\n        \"regno\":{\n            \"type\":\"string\"\n        }\n        \n     },\n     \"required\":[\"regno\"]\n  }"
          },
          "sensitive_attributes": [],
          "private": "bnVsbA==",
          "dependencies": [
            "module.my_api_gateway.aws_api_gateway_rest_api.api"
          ],
          "create_before_destroy": true
        }
      ]
    },
    {
      "module": "module.my_api_gateway",
      "mode": "managed",
      "type": "aws_api_gateway_model",
      "name": "postmodel1",
      "provider": "provider[\"registry.terraform.io/hashicorp/aws\"]",
      "instances": [
        {
          "schema_version": 0,
          "attributes": {
            "content_type": "application/json",
            "description": "a JSON schema",
            "id": "5b6g6w",
            "name": "postmodel1",
            "rest_api_id": "mzvyzc74d5",
            "schema": "{\n    \"$schema\": \"http://json-schema.org/draft-04/schema#\",\n    \"title\":\"User\",\n    \"type\":\"object\",\n    \"properties\":{\n        \"regno\":{\n            \"type\":\"string\"\n        },\n        \"firstname\":{\n            \"type\":\"string\"\n        },\n        \"lastname\":{\n            \"type\":\"string\"\n        },\n        \"section\":{\n            \"type\":\"string\"\n        }\n        \n     },\n     \"required\":[\"regno\",\"firstname\",\"lastname\"]\n  }"
          },
          "sensitive_attributes": [],
          "private": "bnVsbA==",
          "dependencies": [
            "module.my_api_gateway.aws_api_gateway_rest_api.api"
          ],
          "create_before_destroy": true
        }
      ]
    },
    {
      "module": "module.my_api_gateway",
      "mode": "managed",
      "type": "aws_api_gateway_model",
      "name": "updatemodel1",
      "provider": "provider[\"registry.terraform.io/hashicorp/aws\"]",
      "instances": [
        {
          "schema_version": 0,
          "attributes": {
            "content_type": "application/json",
            "description": "a JSON schema",
            "id": "6nytq6",
            "name": "updatemodel1",
            "rest_api_id": "mzvyzc74d5",
            "schema": "{\n    \"$schema\": \"http://json-schema.org/draft-04/schema#\",\n    \"title\":\"User\",\n    \"type\":\"object\",\n    \"properties\":{\n        \"regno\":{\n            \"type\":\"string\"\n        },\n        \"firstname\":{\n            \"type\":\"string\"\n        },\n        \"lastname\":{\n            \"type\":\"string\"\n        },\n        \"section\":{\n            \"type\":\"string\"\n        }\n        \n     },\n     \"required\":[\"regno\",\"firstname\",\"lastname\"]\n  }"
          },
          "sensitive_attributes": [],
          "private": "bnVsbA==",
          "dependencies": [
            "module.my_api_gateway.aws_api_gateway_rest_api.api"
          ],
          "create_before_destroy": true
        }
      ]
    },
    {
      "module": "module.my_api_gateway",
      "mode": "managed",
      "type": "aws_api_gateway_request_validator",
      "name": "validator",
      "provider": "provider[\"registry.terraform.io/hashicorp/aws\"]",
      "instances": [
        {
          "schema_version": 0,
          "attributes": {
            "id": "gmdh8s",
            "name": "Validatebody",
            "rest_api_id": "mzvyzc74d5",
            "validate_request_body": true,
            "validate_request_parameters": true
          },
          "sensitive_attributes": [],
          "private": "bnVsbA==",
          "dependencies": [
            "module.my_api_gateway.aws_api_gateway_rest_api.api"
          ],
          "create_before_destroy": true
        }
      ]
    },
    {
      "module": "module.my_api_gateway",
      "mode": "managed",
      "type": "aws_api_gateway_resource",
      "name": "resource",
      "provider": "provider[\"registry.terraform.io/hashicorp/aws\"]",
      "instances": [
        {
          "schema_version": 0,
          "attributes": {
            "id": "gy7171",
            "parent_id": "06nj1ql5bc",
            "path": "/resources",
            "path_part": "resources",
            "rest_api_id": "mzvyzc74d5"
          },
          "sensitive_attributes": [],
          "private": "bnVsbA==",
          "dependencies": [
            "module.my_api_gateway.aws_api_gateway_rest_api.api"
          ],
          "create_before_destroy": true
        }
      ]
    },
    {
      "module": "module.my_api_gateway",
      "mode": "managed",
      "type": "aws_api_gateway_rest_api",
      "name": "api",
      "provider": "provider[\"registry.terraform.io/hashicorp/aws\"]",
      "instances": [
        {
          "schema_version": 0,
          "attributes": {
            "api_key_source": "HEADER",
            "arn": "arn:aws:apigateway:us-east-1::/restapis/mzvyzc74d5",
            "binary_media_types": [],
            "body": null,
            "created_date": "2021-08-25T09:26:45Z",
            "description": "",
            "disable_execute_api_endpoint": false,
            "endpoint_configuration": [
              {
                "types": [
                  "REGIONAL"
                ],
                "vpc_endpoint_ids": []
              }
            ],
            "execution_arn": "arn:aws:execute-api:us-east-1:489994096722:mzvyzc74d5",
            "id": "mzvyzc74d5",
            "minimum_compression_size": -1,
            "name": "ismaeelapiTF2",
            "parameters": null,
            "policy": "",
            "root_resource_id": "06nj1ql5bc",
            "tags": {},
            "tags_all": {}
          },
          "sensitive_attributes": [],
          "private": "bnVsbA==",
          "create_before_destroy": true
        }
      ]
    },
    {
      "module": "module.my_api_gateway",
      "mode": "managed",
      "type": "aws_api_gateway_stage",
      "name": "example",
      "provider": "provider[\"registry.terraform.io/hashicorp/aws\"]",
      "instances": [
        {
          "schema_version": 0,
          "attributes": {
            "access_log_settings": [],
            "arn": "arn:aws:apigateway:us-east-1::/restapis/mzvyzc74d5/stages/dev3",
            "cache_cluster_enabled": false,
            "cache_cluster_size": "",
            "client_certificate_id": "",
            "deployment_id": "p9yn8r",
            "description": "",
            "documentation_version": "",
            "execution_arn": "arn:aws:execute-api:us-east-1:489994096722:mzvyzc74d5/dev3",
            "id": "ags-mzvyzc74d5-dev3",
            "invoke_url": "https://mzvyzc74d5.execute-api.us-east-1.amazonaws.com/dev3",
            "rest_api_id": "mzvyzc74d5",
            "stage_name": "dev3",
            "tags": {},
            "tags_all": {},
            "variables": {},
            "xray_tracing_enabled": false
          },
          "sensitive_attributes": [],
          "private": "bnVsbA==",
          "dependencies": [
            "module.my_api_gateway.aws_api_gateway_method.update_method2",
            "module.my_api_gateway.aws_api_gateway_resource.resource",
            "module.lambda.aws_iam_role.create_role",
            "module.lambda.aws_iam_role.update_role",
            "module.my_api_gateway.aws_api_gateway_integration.get_integration",
            "module.my_api_gateway.aws_api_gateway_integration.update_integration",
            "module.my_api_gateway.aws_api_gateway_method.delete_method",
            "module.my_api_gateway.aws_api_gateway_model.getmodel1",
            "module.my_api_gateway.aws_api_gateway_request_validator.validator",
            "module.lambda.aws_iam_role.get_role",
            "module.lambda.aws_lambda_function.my_lambda",
            "module.my_api_gateway.aws_api_gateway_deployment.example",
            "module.my_api_gateway.aws_api_gateway_method.get_method",
            "module.my_api_gateway.aws_api_gateway_model.deletemodel1",
            "module.my_api_gateway.aws_api_gateway_model.updatemodel1",
            "module.lambda.aws_iam_role.delete_role",
            "module.my_api_gateway.aws_api_gateway_integration.integration",
            "module.my_api_gateway.aws_api_gateway_method.create_method2",
            "module.my_api_gateway.aws_api_gateway_model.postmodel1",
            "module.my_api_gateway.aws_api_gateway_rest_api.api",
            "module.my_api_gateway.aws_api_gateway_integration.delete_integration"
          ]
        }
      ]
    },
    {
      "module": "module.my_api_gateway",
      "mode": "managed",
      "type": "aws_lambda_permission",
      "name": "apigw_lambda2",
      "provider": "provider[\"registry.terraform.io/hashicorp/aws\"]",
      "instances": [
        {
          "schema_version": 0,
          "attributes": {
            "action": "lambda:InvokeFunction",
            "event_source_token": null,
            "function_name": "ismaeel_update_lambda_testing",
            "id": "AllowExecutionFromAPIGateway",
            "principal": "apigateway.amazonaws.com",
            "qualifier": "",
            "source_account": null,
            "source_arn": "arn:aws:execute-api:us-east-1:489994096722:mzvyzc74d5/*/PUT/resources",
            "statement_id": "AllowExecutionFromAPIGateway",
            "statement_id_prefix": null
          },
          "sensitive_attributes": [],
          "private": "bnVsbA==",
          "dependencies": [
            "module.lambda.aws_lambda_function.my_lambda",
            "module.my_api_gateway.aws_api_gateway_request_validator.validator",
            "module.my_api_gateway.aws_api_gateway_resource.resource",
            "module.my_api_gateway.aws_api_gateway_rest_api.api",
            "module.lambda.aws_iam_role.create_role",
            "module.lambda.aws_iam_role.delete_role",
            "module.lambda.aws_iam_role.get_role",
            "module.lambda.aws_iam_role.update_role",
            "module.my_api_gateway.aws_api_gateway_method.update_method2",
            "module.my_api_gateway.aws_api_gateway_model.updatemodel1"
          ]
        }
      ]
    },
    {
      "module": "module.my_api_gateway",
      "mode": "managed",
      "type": "aws_lambda_permission",
      "name": "creat_apigw_lambda_permission",
      "provider": "provider[\"registry.terraform.io/hashicorp/aws\"]",
      "instances": [
        {
          "schema_version": 0,
          "attributes": {
            "action": "lambda:InvokeFunction",
            "event_source_token": null,
            "function_name": "ismaeel_create_lambda_testing",
            "id": "AllowExecutionFromAPIGateway",
            "principal": "apigateway.amazonaws.com",
            "qualifier": "",
            "source_account": null,
            "source_arn": "arn:aws:execute-api:us-east-1:489994096722:mzvyzc74d5/*/POST/resources",
            "statement_id": "AllowExecutionFromAPIGateway",
            "statement_id_prefix": null
          },
          "sensitive_attributes": [],
          "private": "bnVsbA==",
          "dependencies": [
            "module.lambda.aws_iam_role.delete_role",
            "module.lambda.aws_iam_role.get_role",
            "module.lambda.aws_iam_role.update_role",
            "module.my_api_gateway.aws_api_gateway_resource.resource",
            "module.my_api_gateway.aws_api_gateway_request_validator.validator",
            "module.my_api_gateway.aws_api_gateway_rest_api.api",
            "module.lambda.aws_iam_role.create_role",
            "module.lambda.aws_lambda_function.my_lambda",
            "module.my_api_gateway.aws_api_gateway_method.create_method2",
            "module.my_api_gateway.aws_api_gateway_model.postmodel1"
          ]
        }
      ]
    },
    {
      "module": "module.my_api_gateway",
      "mode": "managed",
      "type": "aws_lambda_permission",
      "name": "delete_apigw_lambda_permission",
      "provider": "provider[\"registry.terraform.io/hashicorp/aws\"]",
      "instances": [
        {
          "schema_version": 0,
          "attributes": {
            "action": "lambda:InvokeFunction",
            "event_source_token": null,
            "function_name": "ismaeel_delete_lambda_testing",
            "id": "AllowExecutionFromAPIGateway",
            "principal": "apigateway.amazonaws.com",
            "qualifier": "",
            "source_account": null,
            "source_arn": "arn:aws:execute-api:us-east-1:489994096722:mzvyzc74d5/*/DELETE/resources",
            "statement_id": "AllowExecutionFromAPIGateway",
            "statement_id_prefix": null
          },
          "sensitive_attributes": [],
          "private": "bnVsbA==",
          "dependencies": [
            "module.my_api_gateway.aws_api_gateway_request_validator.validator",
            "module.my_api_gateway.aws_api_gateway_resource.resource",
            "module.lambda.aws_iam_role.create_role",
            "module.lambda.aws_iam_role.update_role",
            "module.my_api_gateway.aws_api_gateway_method.delete_method",
            "module.my_api_gateway.aws_api_gateway_model.deletemodel1",
            "module.my_api_gateway.aws_api_gateway_rest_api.api",
            "module.lambda.aws_iam_role.delete_role",
            "module.lambda.aws_iam_role.get_role",
            "module.lambda.aws_lambda_function.my_lambda"
          ]
        }
      ]
    },
    {
      "module": "module.my_api_gateway",
      "mode": "managed",
      "type": "aws_lambda_permission",
      "name": "get_apigw_lambda_permission",
      "provider": "provider[\"registry.terraform.io/hashicorp/aws\"]",
      "instances": [
        {
          "schema_version": 0,
          "attributes": {
            "action": "lambda:InvokeFunction",
            "event_source_token": null,
            "function_name": "ismaeel_get_lambda_testing",
            "id": "AllowExecutionFromAPIGateway",
            "principal": "apigateway.amazonaws.com",
            "qualifier": "",
            "source_account": null,
            "source_arn": "arn:aws:execute-api:us-east-1:489994096722:mzvyzc74d5/*/GET/resources",
            "statement_id": "AllowExecutionFromAPIGateway",
            "statement_id_prefix": null
          },
          "sensitive_attributes": [],
          "private": "bnVsbA==",
          "dependencies": [
            "module.my_api_gateway.aws_api_gateway_model.getmodel1",
            "module.my_api_gateway.aws_api_gateway_rest_api.api",
            "module.lambda.aws_iam_role.get_role",
            "module.lambda.aws_iam_role.update_role",
            "module.lambda.aws_lambda_function.my_lambda",
            "module.my_api_gateway.aws_api_gateway_method.get_method",
            "module.lambda.aws_iam_role.create_role",
            "module.lambda.aws_iam_role.delete_role",
            "module.my_api_gateway.aws_api_gateway_request_validator.validator",
            "module.my_api_gateway.aws_api_gateway_resource.resource"
          ]
        }
      ]
    }
  ]
}
